
Microsoft Visual Studio Solution File, Format Version 12.00
# Visual Studio Version 17
VisualStudioVersion = 17.14.36518.9
MinimumVisualStudioVersion = 10.0.40219.1
Project("{FAE04EC0-301F-11D3-BF4B-00C04F79EFBC}") = "NES_Decompiler", "NES_Decompiler\NES_Decompiler.csproj", "{A8802E7F-E51F-91FD-AE45-AC9F7775D9EF}"
EndProject
Global
	GlobalSection(SolutionConfigurationPlatforms) = preSolution
		Debug|Any CPU = Debug|Any CPU
		Release|Any CPU = Release|Any CPU
	EndGlobalSection
	GlobalSection(ProjectConfigurationPlatforms) = postSolution
		{A8802E7F-E51F-91FD-AE45-AC9F7775D9EF}.Debug|Any CPU.ActiveCfg = Debug|Any CPU
		{A8802E7F-E51F-91FD-AE45-AC9F7775D9EF}.Debug|Any CPU.Build.0 = Debug|Any CPU
		{A8802E7F-E51F-91FD-AE45-AC9F7775D9EF}.Release|Any CPU.ActiveCfg = Release|Any CPU
		{A8802E7F-E51F-91FD-AE45-AC9F7775D9EF}.Release|Any CPU.Build.0 = Release|Any CPU
	EndGlobalSection
	GlobalSection(SolutionProperties) = preSolution
		HideSolutionNode = FALSE
	EndGlobalSection
	GlobalSection(ExtensibilityGlobals) = postSolution
		SolutionGuid = {FC42F394-595B-45F8-A3DA-C54CB41F5AB3}
	EndGlobalSection
EndGlobal
